
Microsoft Visual Studio Solution File, Format Version 12.00
# Visual Studio 2012
Project("{FAE04EC0-301F-11D3-BF4B-00C04F79EFBC}") = "WindowsFormsApplication8", "WindowsFormsApplication8\WindowsFormsApplication8.csproj", "{F900DB42-C53D-4BF3-94D4-D6A6D3A33CEC}"
EndProject
Global
	GlobalSection(SolutionConfigurationPlatforms) = preSolution
		Debug|Any CPU = Debug|Any CPU
		Release|Any CPU = Release|Any CPU
	EndGlobalSection
	GlobalSection(ProjectConfigurationPlatforms) = postSolution
		{F900DB42-C53D-4BF3-94D4-D6A6D3A33CEC}.Debug|Any CPU.ActiveCfg = Debug|Any CPU
		{F900DB42-C53D-4BF3-94D4-D6A6D3A33CEC}.Debug|Any CPU.Build.0 = Debug|Any CPU
		{F900DB42-C53D-4BF3-94D4-D6A6D3A33CEC}.Release|Any CPU.ActiveCfg = Release|Any CPU
		{F900DB42-C53D-4BF3-94D4-D6A6D3A33CEC}.Release|Any CPU.Build.0 = Release|Any CPU
	EndGlobalSection
	GlobalSection(SolutionProperties) = preSolution
		HideSolutionNode = FALSE
	EndGlobalSection
EndGlobal
